
Microsoft Visual Studio Solution File, Format Version 12.00
# Visual Studio Version 17
VisualStudioVersion = 17.2.32616.157
MinimumVisualStudioVersion = 10.0.40219.1
Project("{FAE04EC0-301F-11D3-BF4B-00C04F79EFBC}") = "TodoMinimalApi", "TodoMinimalApi.csproj", "{5FB6D5CD-3287-499D-8B9B-B74A0D3E8825}"
EndProject
Global
	GlobalSection(SolutionConfigurationPlatforms) = preSolution
		Debug|Any CPU = Debug|Any CPU
		Release|Any CPU = Release|Any CPU
	EndGlobalSection
	GlobalSection(ProjectConfigurationPlatforms) = postSolution
		{5FB6D5CD-3287-499D-8B9B-B74A0D3E8825}.Debug|Any CPU.ActiveCfg = Debug|Any CPU
		{5FB6D5CD-3287-499D-8B9B-B74A0D3E8825}.Debug|Any CPU.Build.0 = Debug|Any CPU
		{5FB6D5CD-3287-499D-8B9B-B74A0D3E8825}.Release|Any CPU.ActiveCfg = Release|Any CPU
		{5FB6D5CD-3287-499D-8B9B-B74A0D3E8825}.Release|Any CPU.Build.0 = Release|Any CPU
	EndGlobalSection
	GlobalSection(SolutionProperties) = preSolution
		HideSolutionNode = FALSE
	EndGlobalSection
	GlobalSection(ExtensibilityGlobals) = postSolution
		SolutionGuid = {05FC1284-1B5E-4DB0-BC1E-FE1AE489B6E8}
	EndGlobalSection
EndGlobal
